// !$*UTF8*$!
{
	archiveVersion = 1;
	classes = {
	};
	objectVersion = 50;
	objects = {

/* Begin PBXBuildFile section */
		306CFE66220C5040000F7C96 /* AppDelegate.swift in Sources */ = {isa = PBXBuildFile; fileRef = 306CFE65220C5040000F7C96 /* AppDelegate.swift */; };
		306CFE68220C5040000F7C96 /* ViewController.swift in Sources */ = {isa = PBXBuildFile; fileRef = 306CFE67220C5040000F7C96 /* ViewController.swift */; };
		306CFE6B220C5040000F7C96 /* Main.storyboard in Resources */ = {isa = PBXBuildFile; fileRef = 306CFE69220C5040000F7C96 /* Main.storyboard */; };
		306CFE6D220C5041000F7C96 /* Assets.xcassets in Resources */ = {isa = PBXBuildFile; fileRef = 306CFE6C220C5041000F7C96 /* Assets.xcassets */; };
		306CFE70220C5041000F7C96 /* LaunchScreen.storyboard in Resources */ = {isa = PBXBuildFile; fileRef = 306CFE6E220C5041000F7C96 /* LaunchScreen.storyboard */; };
		30EBB283220C54B90005005C /* LoginViewController.swift in Sources */ = {isa = PBXBuildFile; fileRef = 30EBB282220C54B90005005C /* LoginViewController.swift */; };
/* End PBXBuildFile section */

/* Begin PBXFileReference section */
		306CFE62220C5040000F7C96 /* Navigation.app */ = {isa = PBXFileReference; explicitFileType = wrapper.application; includeInIndex = 0; path = Navigation.app; sourceTree = BUILT_PRODUCTS_DIR; };
		306CFE65220C5040000F7C96 /* AppDelegate.swift */ = {isa = PBXFileReference; lastKnownFileType = sourcecode.swift; path = AppDelegate.swift; sourceTree = "<group>"; };
		306CFE67220C5040000F7C96 /* ViewController.swift */ = {isa = PBXFileReference; lastKnownFileType = sourcecode.swift; path = ViewController.swift; sourceTree = "<group>"; };
		306CFE6A220C5040000F7C96 /* Base */ = {isa = PBXFileReference; lastKnownFileType = file.storyboard; name = Base; path = Base.lproj/Main.storyboard; sourceTree = "<group>"; };
		306CFE6C220C5041000F7C96 /* Assets.xcassets */ = {isa = PBXFileReference; lastKnownFileType = folder.assetcatalog; path = Assets.xcassets; sourceTree = "<group>"; };
		306CFE6F220C5041000F7C96 /* Base */ = {isa = PBXFileReference; lastKnownFileType = file.storyboard; name = Base; path = Base.lproj/LaunchScreen.storyboard; sourceTree = "<group>"; };
		306CFE71220C5041000F7C96 /* Info.plist */ = {isa = PBXFileReference; lastKnownFileType = text.plist.xml; path = Info.plist; sourceTree = "<group>"; };
		30EBB282220C54B90005005C /* LoginViewController.swift */ = {isa = PBXFileReference; lastKnownFileType = sourcecode.swift; path = LoginViewController.swift; sourceTree = "<group>"; };
/* End PBXFileReference section */

/* Begin PBXFrameworksBuildPhase section */
		306CFE5F220C5040000F7C96 /* Frameworks */ = {
			isa = PBXFrameworksBuildPhase;
			buildActionMask = 2147483647;
			files = (
			);
			runOnlyForDeploymentPostprocessing = 0;
		};
/* End PBXFrameworksBuildPhase section */

/* Begin PBXGroup section */
		306CFE59220C5040000F7C96 = {
			isa = PBXGroup;
			children = (
				306CFE64220C5040000F7C96 /* Navigation */,
				306CFE63220C5040000F7C96 /* Products */,
			);
			sourceTree = "<group>";
		};
		306CFE63220C5040000F7C96 /* Products */ = {
			isa = PBXGroup;
			children = (
				306CFE62220C5040000F7C96 /* Navigation.app */,
			);
			name = Products;
			sourceTree = "<group>";
		};
		306CFE64220C5040000F7C96 /* Navigation */ = {
			isa = PBXGroup;
			children = (
				306CFE65220C5040000F7C96 /* AppDelegate.swift */,
				306CFE67220C5040000F7C96 /* ViewController.swift */,
				30EBB282220C54B90005005C /* LoginViewController.swift */,
				306CFE69220C5040000F7C96 /* Main.storyboard */,
				306CFE6C220C5041000F7C96 /* Assets.xcassets */,
				306CFE6E220C5041000F7C96 /* LaunchScreen.storyboard */,
				306CFE71220C5041000F7C96 /* Info.plist */,
			);
			path = Navigation;
			sourceTree = "<group>";
		};
/* End PBXGroup section */

/* Begin PBXNativeTarget section */
		306CFE61220C5040000F7C96 /* Navigation */ = {
			isa = PBXNativeTarget;
			buildConfigurationList = 306CFE74220C5041000F7C96 /* Build configuration list for PBXNativeTarget "Navigation" */;
			buildPhases = (
				306CFE5E220C5040000F7C96 /* Sources */,
				306CFE5F220C5040000F7C96 /* Frameworks */,
				306CFE60220C5040000F7C96 /* Resources */,
			);
			buildRules = (
			);
			dependencies = (
			);
			name = Navigation;
			productName = Navigation;
			productReference = 306CFE62220C5040000F7C96 /* Navigation.app */;
			productType = "com.apple.product-type.application";
		};
/* End PBXNativeTarget section */

/* Begin PBXProject section */
		306CFE5A220C5040000F7C96 /* Project object */ = {
			isa = PBXProject;
			attributes = {
				LastSwiftUpdateCheck = 1010;
				LastUpgradeCheck = 1010;
				ORGANIZATIONNAME = viky;
				TargetAttributes = {
					306CFE61220C5040000F7C96 = {
						CreatedOnToolsVersion = 10.1;
					};
				};
			};
			buildConfigurationList = 306CFE5D220C5040000F7C96 /* Build configuration list for PBXProject "Navigation" */;
			compatibilityVersion = "Xcode 9.3";
			developmentRegion = en;
			hasScannedForEncodings = 0;
			knownRegions = (
				en,
				Base,
			);
			mainGroup = 306CFE59220C5040000F7C96;
			productRefGroup = 306CFE63220C5040000F7C96 /* Products */;
			projectDirPath = "";
			projectRoot = "";
			targets = (
				306CFE61220C5040000F7C96 /* Navigation */,
			);
		};
/* End PBXProject section */

/* Begin PBXResourcesBuildPhase section */
		306CFE60220C5040000F7C96 /* Resources */ = {
			isa = PBXResourcesBuildPhase;
			buildActionMask = 2147483647;
			files = (
				306CFE70220C5041000F7C96 /* LaunchScreen.storyboard in Resources */,
				306CFE6D220C5041000F7C96 /* Assets.xcassets in Resources */,
				306CFE6B220C5040000F7C96 /* Main.storyboard in Resources */,
			);
			runOnlyForDeploymentPostprocessing = 0;
		};
/* End PBXResourcesBuildPhase section */

/* Begin PBXSourcesBuildPhase section */
		306CFE5E220C5040000F7C96 /* Sources */ = {
			isa = PBXSourcesBuildPhase;
			buildActionMask = 2147483647;
			files = (
				30EBB283220C54B90005005C /* LoginViewController.swift in Sources */,
				306CFE68220C5040000F7C96 /* ViewController.swift in Sources */,
				306CFE66220C5040000F7C96 /* AppDelegate.swift in Sources */,
			);
			runOnlyForDeploymentPostprocessing = 0;
		};
/* End PBXSourcesBuildPhase section */

/* Begin PBXVariantGroup section */
		306CFE69220C5040000F7C96 /* Main.storyboard */ = {
			isa = PBXVariantGroup;
			children = (
				306CFE6A220C5040000F7C96 /* Base */,
			);
			name = Main.storyboard;
			sourceTree = "<group>";
		};
		306CFE6E220C5041000F7C96 /* LaunchScreen.storyboard */ = {
			isa = PBXVariantGroup;
			children = (
				306CFE6F220C5041000F7C96 /* Base */,
			);
			name = LaunchScreen.storyboard;
			sourceTree = "<group>";
		};
/* End PBXVariantGroup section */

/* Begin XCBuildConfiguration section */
		306CFE72220C5041000F7C96 /* Debug */ = {
			isa = XCBuildConfiguration;
			buildSettings = {
				ALWAYS_SEARCH_USER_PATHS = NO;
				CLANG_ANALYZER_NONNULL = YES;
				CLANG_ANALYZER_NUMBER_OBJECT_CONVERSION = YES_AGGRESSIVE;
				CLANG_CXX_LANGUAGE_STANDARD = "gnu++14";
				CLANG_CXX_LIBRARY = "libc++";
				CLANG_ENABLE_MODULES = YES;
				CLANG_ENABLE_OBJC_ARC = YES;
				CLANG_ENABLE_OBJC_WEAK = YES;
				CLANG_WARN_BLOCK_CAPTURE_AUTORELEASING = YES;
				CLANG_WARN_BOOL_CONVERSION = YES;
				CLANG_WARN_COMMA = YES;
				CLANG_WARN_CONSTANT_CONVERSION = YES;
				CLANG_WARN_DEPRECATED_OBJC_IMPLEMENTATIONS = YES;
				CLANG_WARN_DIRECT_OBJC_ISA_USAGE = YES_ERROR;
				CLANG_WARN_DOCUMENTATION_COMMENTS = YES;
				CLANG_WARN_EMPTY_BODY = YES;
				CLANG_WARN_ENUM_CONVERSION = YES;
				CLANG_WARN_INFINITE_RECURSION = YES;
				CLANG_WARN_INT_CONVERSION = YES;
				CLANG_WARN_NON_LITERAL_NULL_CONVERSION = YES;
				CLANG_WARN_OBJC_IMPLICIT_RETAIN_SELF = YES;
				CLANG_WARN_OBJC_LITERAL_CONVERSION = YES;
				CLANG_WARN_OBJC_ROOT_CLASS = YES_ERROR;
				CLANG_WARN_RANGE_LOOP_ANALYSIS = YES;
				CLANG_WARN_STRICT_PROTOTYPES = YES;
				CLANG_WARN_SUSPICIOUS_MOVE = YES;
				CLANG_WARN_UNGUARDED_AVAILABILITY = YES_AGGRESSIVE;
				CLANG_WARN_UNREACHABLE_CODE = YES;
				CLANG_WARN__DUPLICATE_METHOD_MATCH = YES;
				CODE_SIGN_IDENTITY = "iPhone Developer";
				COPY_PHASE_STRIP = NO;
				DEBUG_INFORMATION_FORMAT = dwarf;
				ENABLE_STRICT_OBJC_MSGSEND = YES;
				ENABLE_TESTABILITY = YES;
				GCC_C_LANGUAGE_STANDARD = gnu11;
				GCC_DYNAMIC_NO_PIC = NO;
				GCC_NO_COMMON_BLOCKS = YES;
				GCC_OPTIMIZATION_LEVEL = 0;
				GCC_PREPROCESSOR_DEFINITIONS = (
					"DEBUG=1",
					"$(inherited)",
				);
				GCC_WARN_64_TO_32_BIT_CONVERSION = YES;
				GCC_WARN_ABOUT_RETURN_TYPE = YES_ERROR;
				GCC_WARN_UNDECLARED_SELECTOR = YES;
				GCC_WARN_UNINITIALIZED_AUTOS = YES_AGGRESSIVE;
				GCC_WARN_UNUSED_FUNCTION = YES;
				GCC_WARN_UNUSED_VARIABLE = YES;
				IPHONEOS_DEPLOYMENT_TARGET = 12.1;
				MTL_ENABLE_DEBUG_INFO = INCLUDE_SOURCE;
				MTL_FAST_MATH = YES;
				ONLY_ACTIVE_ARCH = YES;
				SDKROOT = iphoneos;
				SWIFT_ACTIVE_COMPILATION_CONDITIONS = DEBUG;
				SWIFT_OPTIMIZATION_LEVEL = "-Onone";
			};
			name = Debug;
		};
		306CFE73220C5041000F7C96 /* Release */ = {
			isa = XCBuildConfiguration;
			buildSettings = {
				ALWAYS_SEARCH_USER_PATHS = NO;
				CLANG_ANALYZER_NONNULL = YES;
				CLANG_ANALYZER_NUMBER_OBJECT_CONVERSION = YES_AGGRESSIVE;
				CLANG_CXX_LANGUAGE_STANDARD = "gnu++14";
				CLANG_CXX_LIBRARY = "libc++";
				CLANG_ENABLE_MODULES = YES;
				CLANG_ENABLE_OBJC_ARC = YES;
				CLANG_ENABLE_OBJC_WEAK = YES;
				CLANG_WARN_BLOCK_CAPTURE_AUTORELEASING = YES;
				CLANG_WARN_BOOL_CONVERSION = YES;
				CLANG_WARN_COMMA = YES;
				CLANG_WARN_CONSTANT_CONVERSION = YES;
				CLANG_WARN_DEPRECATED_OBJC_IMPLEMENTATIONS = YES;
				CLANG_WARN_DIRECT_OBJC_ISA_USAGE = YES_ERROR;
				CLANG_WARN_DOCUMENTATION_COMMENTS = YES;
				CLANG_WARN_EMPTY_BODY = YES;
				CLANG_WARN_ENUM_CONVERSION = YES;
				CLANG_WARN_INFINITE_RECURSION = YES;
				CLANG_WARN_INT_CONVERSION = YES;
				CLANG_WARN_NON_LITERAL_NULL_CONVERSION = YES;
				CLANG_WARN_OBJC_IMPLICIT_RETAIN_SELF = YES;
				CLANG_WARN_OBJC_LITERAL_CONVERSION = YES;
				CLANG_WARN_OBJC_ROOT_CLASS = YES_ERROR;
				CLANG_WARN_RANGE_LOOP_ANALYSIS = YES;
				CLANG_WARN_STRICT_PROTOTYPES = YES;
				CLANG_WARN_SUSPICIOUS_MOVE = YES;
				CLANG_WARN_UNGUARDED_AVAILABILITY = YES_AGGRESSIVE;
				CLANG_WARN_UNREACHABLE_CODE = YES;
				CLANG_WARN__DUPLICATE_METHOD_MATCH = YES;
				CODE_SIGN_IDENTITY = "iPhone Developer";
				COPY_PHASE_STRIP = NO;
				DEBUG_INFORMATION_FORMAT = "dwarf-with-dsym";
				ENABLE_NS_ASSERTIONS = NO;
				ENABLE_STRICT_OBJC_MSGSEND = YES;
				GCC_C_LANGUAGE_STANDARD = gnu11;
				GCC_NO_COMMON_BLOCKS = YES;
				GCC_WARN_64_TO_32_BIT_CONVERSION = YES;
				GCC_WARN_ABOUT_RETURN_TYPE = YES_ERROR;
				GCC_WARN_UNDECLARED_SELECTOR = YES;
				GCC_WARN_UNINITIALIZED_AUTOS = YES_AGGRESSIVE;
				GCC_WARN_UNUSED_FUNCTION = YES;
				GCC_WARN_UNUSED_VARIABLE = YES;
				IPHONEOS_DEPLOYMENT_TARGET = 12.1;
				MTL_ENABLE_DEBUG_INFO = NO;
				MTL_FAST_MATH = YES;
				SDKROOT = iphoneos;
				SWIFT_COMPILATION_MODE = wholemodule;
				SWIFT_OPTIMIZATION_LEVEL = "-O";
				VALIDATE_PRODUCT = YES;
			};
			name = Release;
		};
		306CFE75220C5041000F7C96 /* Debug */ = {
			isa = XCBuildConfiguration;
			buildSettings = {
				ASSETCATALOG_COMPILER_APPICON_NAME = AppIcon;
				CODE_SIGN_STYLE = Automatic;
				DEVELOPMENT_TEAM = 7LC6F7KK35;
				INFOPLIST_FILE = Navigation/Info.plist;
				LD_RUNPATH_SEARCH_PATHS = (
					"$(inherited)",
					"@executable_path/Frameworks",
				);
				PRODUCT_BUNDLE_IDENTIFIER = vimniky.Navigation;
				PRODUCT_NAME = "$(TARGET_NAME)";
				SWIFT_VERSION = 4.2;
				TARGETED_DEVICE_FAMILY = "1,2";
			};
			name = Debug;
		};
		306CFE76220C5041000F7C96 /* Release */ = {
			isa = XCBuildConfiguration;
			buildSettings = {
				ASSETCATALOG_COMPILER_APPICON_NAME = AppIcon;
				CODE_SIGN_STYLE = Automatic;
				DEVELOPMENT_TEAM = 7LC6F7KK35;
				INFOPLIST_FILE = Navigation/Info.plist;
				LD_RUNPATH_SEARCH_PATHS = (
					"$(inherited)",
					"@executable_path/Frameworks",
				);
				PRODUCT_BUNDLE_IDENTIFIER = vimniky.Navigation;
				PRODUCT_NAME = "$(TARGET_NAME)";
				SWIFT_VERSION = 4.2;
				TARGETED_DEVICE_FAMILY = "1,2";
			};
			name = Release;
		};
/* End XCBuildConfiguration section */

/* Begin XCConfigurationList section */
		306CFE5D220C5040000F7C96 /* Build configuration list for PBXProject "Navigation" */ = {
			isa = XCConfigurationList;
			buildConfigurations = (
				306CFE72220C5041000F7C96 /* Debug */,
				306CFE73220C5041000F7C96 /* Release */,
			);
			defaultConfigurationIsVisible = 0;
			defaultConfigurationName = Release;
		};
		306CFE74220C5041000F7C96 /* Build configuration list for PBXNativeTarget "Navigation" */ = {
			isa = XCConfigurationList;
			buildConfigurations = (
				306CFE75220C5041000F7C96 /* Debug */,
				306CFE76220C5041000F7C96 /* Release */,
			);
			defaultConfigurationIsVisible = 0;
			defaultConfigurationName = Release;
		};
/* End XCConfigurationList section */
	};
	rootObject = 306CFE5A220C5040000F7C96 /* Project object */;
}
